// !$*UTF8*$!
{
	archiveVersion = 1;
	classes = {
	};
	objectVersion = 46;
	objects = {

/* Begin PBXBuildFile section */
		CF13093718D47A0B0085D09A /* Images.xcassets in Resources */ = {isa = PBXBuildFile; fileRef = CF9BF56718D4795B007CBF68 /* Images.xcassets */; };
		CF13093818D47A0E0085D09A /* AppDelegate.m in Sources */ = {isa = PBXBuildFile; fileRef = CF9BF56518D4795B007CBF68 /* AppDelegate.m */; };
		CF13093918D47A100085D09A /* main.m in Sources */ = {isa = PBXBuildFile; fileRef = CF9BF56118D4795B007CBF68 /* main.m */; };
		CF13093B18D47A340085D09A /* Root.xib in Resources */ = {isa = PBXBuildFile; fileRef = CF13093A18D47A340085D09A /* Root.xib */; };
		CF13094118D47B220085D09A /* Foundation.framework in Frameworks */ = {isa = PBXBuildFile; fileRef = CF9BF55518D4795B007CBF68 /* Foundation.framework */; };
		CF13094218D47B220085D09A /* CoreGraphics.framework in Frameworks */ = {isa = PBXBuildFile; fileRef = CF9BF55718D4795B007CBF68 /* CoreGraphics.framework */; };
		CF13094318D47B220085D09A /* UIKit.framework in Frameworks */ = {isa = PBXBuildFile; fileRef = CF9BF55918D4795B007CBF68 /* UIKit.framework */; };
		CF13094918D47B220085D09A /* InfoPlist.strings in Resources */ = {isa = PBXBuildFile; fileRef = CF13094718D47B220085D09A /* InfoPlist.strings */; };
		CF33D80518D47B4F00FA5756 /* Images.xcassets in Resources */ = {isa = PBXBuildFile; fileRef = CF9BF56718D4795B007CBF68 /* Images.xcassets */; };
		CF33D80618D47B5300FA5756 /* AppDelegate.m in Sources */ = {isa = PBXBuildFile; fileRef = CF9BF56518D4795B007CBF68 /* AppDelegate.m */; };
		CF33D80718D47B5400FA5756 /* main.m in Sources */ = {isa = PBXBuildFile; fileRef = CF9BF56118D4795B007CBF68 /* main.m */; };
		CF33D80D18D47C0A00FA5756 /* Root in Nav.xib in Resources */ = {isa = PBXBuildFile; fileRef = CF33D80C18D47C0A00FA5756 /* Root in Nav.xib */; };
		CF33D84118D47C7B00FA5756 /* Foundation.framework in Frameworks */ = {isa = PBXBuildFile; fileRef = CF9BF55518D4795B007CBF68 /* Foundation.framework */; };
		CF33D84218D47C7B00FA5756 /* CoreGraphics.framework in Frameworks */ = {isa = PBXBuildFile; fileRef = CF9BF55718D4795B007CBF68 /* CoreGraphics.framework */; };
		CF33D84318D47C7B00FA5756 /* UIKit.framework in Frameworks */ = {isa = PBXBuildFile; fileRef = CF9BF55918D4795B007CBF68 /* UIKit.framework */; };
		CF33D84918D47C7B00FA5756 /* InfoPlist.strings in Resources */ = {isa = PBXBuildFile; fileRef = CF33D84718D47C7B00FA5756 /* InfoPlist.strings */; };
		CF439E2D18D47CAE006DDD77 /* AppDelegate.m in Sources */ = {isa = PBXBuildFile; fileRef = CF9BF56518D4795B007CBF68 /* AppDelegate.m */; };
		CF439E2E18D47CB2006DDD77 /* main.m in Sources */ = {isa = PBXBuildFile; fileRef = CF9BF56118D4795B007CBF68 /* main.m */; };
		CF439E2F18D47CD5006DDD77 /* Images.xcassets in Resources */ = {isa = PBXBuildFile; fileRef = CF9BF56718D4795B007CBF68 /* Images.xcassets */; };
		CF439E3118D47D20006DDD77 /* Root in Tab.xib in Resources */ = {isa = PBXBuildFile; fileRef = CF439E3018D47D20006DDD77 /* Root in Tab.xib */; };
		CF9BF58718D479B5007CBF68 /* Foundation.framework in Frameworks */ = {isa = PBXBuildFile; fileRef = CF9BF55518D4795B007CBF68 /* Foundation.framework */; };
		CF9BF58818D479B5007CBF68 /* CoreGraphics.framework in Frameworks */ = {isa = PBXBuildFile; fileRef = CF9BF55718D4795B007CBF68 /* CoreGraphics.framework */; };
		CF9BF58918D479B5007CBF68 /* UIKit.framework in Frameworks */ = {isa = PBXBuildFile; fileRef = CF9BF55918D4795B007CBF68 /* UIKit.framework */; };
		CF9BF58F18D479B5007CBF68 /* InfoPlist.strings in Resources */ = {isa = PBXBuildFile; fileRef = CF9BF58D18D479B5007CBF68 /* InfoPlist.strings */; };
		CFC9DBC118D47DBB0094D745 /* Foundation.framework in Frameworks */ = {isa = PBXBuildFile; fileRef = CF9BF55518D4795B007CBF68 /* Foundation.framework */; };
		CFC9DBC218D47DBB0094D745 /* CoreGraphics.framework in Frameworks */ = {isa = PBXBuildFile; fileRef = CF9BF55718D4795B007CBF68 /* CoreGraphics.framework */; };
		CFC9DBC318D47DBB0094D745 /* UIKit.framework in Frameworks */ = {isa = PBXBuildFile; fileRef = CF9BF55918D4795B007CBF68 /* UIKit.framework */; };
		CFC9DBC918D47DBB0094D745 /* InfoPlist.strings in Resources */ = {isa = PBXBuildFile; fileRef = CFC9DBC718D47DBB0094D745 /* InfoPlist.strings */; };
		CFC9DBEA18D47DF00094D745 /* main.m in Sources */ = {isa = PBXBuildFile; fileRef = CF9BF56118D4795B007CBF68 /* main.m */; };
		CFC9DBEB18D47DF20094D745 /* AppDelegate.m in Sources */ = {isa = PBXBuildFile; fileRef = CF9BF56518D4795B007CBF68 /* AppDelegate.m */; };
		CFC9DBEC18D47E080094D745 /* Images.xcassets in Resources */ = {isa = PBXBuildFile; fileRef = CF9BF56718D4795B007CBF68 /* Images.xcassets */; };
		CFC9DBEE18D47E270094D745 /* Root in Nav in Tab.xib in Resources */ = {isa = PBXBuildFile; fileRef = CFC9DBED18D47E270094D745 /* Root in Nav in Tab.xib */; };
/* End PBXBuildFile section */

/* Begin PBXFileReference section */
		CF13093A18D47A340085D09A /* Root.xib */ = {isa = PBXFileReference; fileEncoding = 4; lastKnownFileType = file.xib; path = Root.xib; sourceTree = "<group>"; };
		CF13094018D47B220085D09A /* Root in Nav.app */ = {isa = PBXFileReference; explicitFileType = wrapper.application; includeInIndex = 0; path = "Root in Nav.app"; sourceTree = BUILT_PRODUCTS_DIR; };
		CF13094618D47B220085D09A /* Root in Nav-Info.plist */ = {isa = PBXFileReference; lastKnownFileType = text.plist.xml; path = "Root in Nav-Info.plist"; sourceTree = "<group>"; };
		CF13094818D47B220085D09A /* en */ = {isa = PBXFileReference; lastKnownFileType = text.plist.strings; name = en; path = en.lproj/InfoPlist.strings; sourceTree = "<group>"; };
		CF13094C18D47B220085D09A /* Root in Nav-Prefix.pch */ = {isa = PBXFileReference; lastKnownFileType = sourcecode.c.h; path = "Root in Nav-Prefix.pch"; sourceTree = "<group>"; };
		CF33D80C18D47C0A00FA5756 /* Root in Nav.xib */ = {isa = PBXFileReference; fileEncoding = 4; lastKnownFileType = file.xib; name = "Root in Nav.xib"; path = "Root in Nav/Root in Nav.xib"; sourceTree = SOURCE_ROOT; };
		CF33D84018D47C7B00FA5756 /* Root in Tab.app */ = {isa = PBXFileReference; explicitFileType = wrapper.application; includeInIndex = 0; path = "Root in Tab.app"; sourceTree = BUILT_PRODUCTS_DIR; };
		CF33D84618D47C7B00FA5756 /* Root in Tab-Info.plist */ = {isa = PBXFileReference; lastKnownFileType = text.plist.xml; path = "Root in Tab-Info.plist"; sourceTree = "<group>"; };
		CF33D84818D47C7B00FA5756 /* en */ = {isa = PBXFileReference; lastKnownFileType = text.plist.strings; name = en; path = en.lproj/InfoPlist.strings; sourceTree = "<group>"; };
		CF33D84C18D47C7B00FA5756 /* Root in Tab-Prefix.pch */ = {isa = PBXFileReference; lastKnownFileType = sourcecode.c.h; path = "Root in Tab-Prefix.pch"; sourceTree = "<group>"; };
		CF439E3018D47D20006DDD77 /* Root in Tab.xib */ = {isa = PBXFileReference; fileEncoding = 4; lastKnownFileType = file.xib; name = "Root in Tab.xib"; path = "Root in Tab/Root in Tab.xib"; sourceTree = SOURCE_ROOT; };
		CF9BF55518D4795B007CBF68 /* Foundation.framework */ = {isa = PBXFileReference; lastKnownFileType = wrapper.framework; name = Foundation.framework; path = System/Library/Frameworks/Foundation.framework; sourceTree = SDKROOT; };
		CF9BF55718D4795B007CBF68 /* CoreGraphics.framework */ = {isa = PBXFileReference; lastKnownFileType = wrapper.framework; name = CoreGraphics.framework; path = System/Library/Frameworks/CoreGraphics.framework; sourceTree = SDKROOT; };
		CF9BF55918D4795B007CBF68 /* UIKit.framework */ = {isa = PBXFileReference; lastKnownFileType = wrapper.framework; name = UIKit.framework; path = Library/Frameworks/UIKit.framework; sourceTree = DEVELOPER_DIR; };
		CF9BF56118D4795B007CBF68 /* main.m */ = {isa = PBXFileReference; lastKnownFileType = sourcecode.c.objc; path = main.m; sourceTree = "<group>"; };
		CF9BF56418D4795B007CBF68 /* AppDelegate.h */ = {isa = PBXFileReference; lastKnownFileType = sourcecode.c.h; path = AppDelegate.h; sourceTree = "<group>"; };
		CF9BF56518D4795B007CBF68 /* AppDelegate.m */ = {isa = PBXFileReference; lastKnownFileType = sourcecode.c.objc; path = AppDelegate.m; sourceTree = "<group>"; };
		CF9BF56718D4795B007CBF68 /* Images.xcassets */ = {isa = PBXFileReference; lastKnownFileType = folder.assetcatalog; path = Images.xcassets; sourceTree = "<group>"; };
		CF9BF56E18D4795B007CBF68 /* XCTest.framework */ = {isa = PBXFileReference; lastKnownFileType = wrapper.framework; name = XCTest.framework; path = Library/Frameworks/XCTest.framework; sourceTree = DEVELOPER_DIR; };
		CF9BF58618D479B5007CBF68 /* Root.app */ = {isa = PBXFileReference; explicitFileType = wrapper.application; includeInIndex = 0; path = Root.app; sourceTree = BUILT_PRODUCTS_DIR; };
		CF9BF58C18D479B5007CBF68 /* Root-Info.plist */ = {isa = PBXFileReference; lastKnownFileType = text.plist.xml; path = "Root-Info.plist"; sourceTree = "<group>"; };
		CF9BF58E18D479B5007CBF68 /* en */ = {isa = PBXFileReference; lastKnownFileType = text.plist.strings; name = en; path = en.lproj/InfoPlist.strings; sourceTree = "<group>"; };
		CF9BF59218D479B5007CBF68 /* Root-Prefix.pch */ = {isa = PBXFileReference; lastKnownFileType = sourcecode.c.h; path = "Root-Prefix.pch"; sourceTree = "<group>"; };
		CFC9DBC018D47DBB0094D745 /* Root in Nav in Tab.app */ = {isa = PBXFileReference; explicitFileType = wrapper.application; includeInIndex = 0; path = "Root in Nav in Tab.app"; sourceTree = BUILT_PRODUCTS_DIR; };
		CFC9DBC618D47DBB0094D745 /* Root in Nav in Tab-Info.plist */ = {isa = PBXFileReference; lastKnownFileType = text.plist.xml; path = "Root in Nav in Tab-Info.plist"; sourceTree = "<group>"; };
		CFC9DBC818D47DBB0094D745 /* en */ = {isa = PBXFileReference; lastKnownFileType = text.plist.strings; name = en; path = en.lproj/InfoPlist.strings; sourceTree = "<group>"; };
		CFC9DBCC18D47DBB0094D745 /* Root in Nav in Tab-Prefix.pch */ = {isa = PBXFileReference; lastKnownFileType = sourcecode.c.h; path = "Root in Nav in Tab-Prefix.pch"; sourceTree = "<group>"; };
		CFC9DBED18D47E270094D745 /* Root in Nav in Tab.xib */ = {isa = PBXFileReference; fileEncoding = 4; lastKnownFileType = file.xib; path = "Root in Nav in Tab.xib"; sourceTree = "<group>"; };
/* End PBXFileReference section */

/* Begin PBXFrameworksBuildPhase section */
		CF13093D18D47B220085D09A /* Frameworks */ = {
			isa = PBXFrameworksBuildPhase;
			buildActionMask = 2147483647;
			files = (
				CF13094218D47B220085D09A /* CoreGraphics.framework in Frameworks */,
				CF13094318D47B220085D09A /* UIKit.framework in Frameworks */,
				CF13094118D47B220085D09A /* Foundation.framework in Frameworks */,
			);
			runOnlyForDeploymentPostprocessing = 0;
		};
		CF33D83D18D47C7B00FA5756 /* Frameworks */ = {
			isa = PBXFrameworksBuildPhase;
			buildActionMask = 2147483647;
			files = (
				CF33D84218D47C7B00FA5756 /* CoreGraphics.framework in Frameworks */,
				CF33D84318D47C7B00FA5756 /* UIKit.framework in Frameworks */,
				CF33D84118D47C7B00FA5756 /* Foundation.framework in Frameworks */,
			);
			runOnlyForDeploymentPostprocessing = 0;
		};
		CF9BF58318D479B5007CBF68 /* Frameworks */ = {
			isa = PBXFrameworksBuildPhase;
			buildActionMask = 2147483647;
			files = (
				CF9BF58818D479B5007CBF68 /* CoreGraphics.framework in Frameworks */,
				CF9BF58918D479B5007CBF68 /* UIKit.framework in Frameworks */,
				CF9BF58718D479B5007CBF68 /* Foundation.framework in Frameworks */,
			);
			runOnlyForDeploymentPostprocessing = 0;
		};
		CFC9DBBD18D47DBB0094D745 /* Frameworks */ = {
			isa = PBXFrameworksBuildPhase;
			buildActionMask = 2147483647;
			files = (
				CFC9DBC218D47DBB0094D745 /* CoreGraphics.framework in Frameworks */,
				CFC9DBC318D47DBB0094D745 /* UIKit.framework in Frameworks */,
				CFC9DBC118D47DBB0094D745 /* Foundation.framework in Frameworks */,
			);
			runOnlyForDeploymentPostprocessing = 0;
		};
/* End PBXFrameworksBuildPhase section */

/* Begin PBXGroup section */
		CF13094418D47B220085D09A /* Root in Nav */ = {
			isa = PBXGroup;
			children = (
				CF33D80C18D47C0A00FA5756 /* Root in Nav.xib */,
				CF13094518D47B220085D09A /* Supporting Files */,
			);
			path = "Root in Nav";
			sourceTree = "<group>";
		};
		CF13094518D47B220085D09A /* Supporting Files */ = {
			isa = PBXGroup;
			children = (
				CF13094618D47B220085D09A /* Root in Nav-Info.plist */,
				CF13094718D47B220085D09A /* InfoPlist.strings */,
				CF13094C18D47B220085D09A /* Root in Nav-Prefix.pch */,
			);
			name = "Supporting Files";
			sourceTree = "<group>";
		};
		CF1FDF4818D474EE0076D40B = {
			isa = PBXGroup;
			children = (
				CF9BF55B18D4795B007CBF68 /* Auto-Layout Issues (Shared Files) */,
				CF9BF58A18D479B5007CBF68 /* Root */,
				CF13094418D47B220085D09A /* Root in Nav */,
				CF33D84418D47C7B00FA5756 /* Root in Tab */,
				CFC9DBC418D47DBB0094D745 /* Root in Nav in Tab */,
				CF9BF55418D4795B007CBF68 /* Frameworks */,
				CF9BF55318D4795A007CBF68 /* Products */,
			);
			sourceTree = "<group>";
		};
		CF33D84418D47C7B00FA5756 /* Root in Tab */ = {
			isa = PBXGroup;
			children = (
				CF439E3018D47D20006DDD77 /* Root in Tab.xib */,
				CF33D84518D47C7B00FA5756 /* Supporting Files */,
			);
			path = "Root in Tab";
			sourceTree = "<group>";
		};
		CF33D84518D47C7B00FA5756 /* Supporting Files */ = {
			isa = PBXGroup;
			children = (
				CF33D84618D47C7B00FA5756 /* Root in Tab-Info.plist */,
				CF33D84718D47C7B00FA5756 /* InfoPlist.strings */,
				CF33D84C18D47C7B00FA5756 /* Root in Tab-Prefix.pch */,
			);
			name = "Supporting Files";
			sourceTree = "<group>";
		};
		CF9BF55318D4795A007CBF68 /* Products */ = {
			isa = PBXGroup;
			children = (
				CF9BF58618D479B5007CBF68 /* Root.app */,
				CF13094018D47B220085D09A /* Root in Nav.app */,
				CF33D84018D47C7B00FA5756 /* Root in Tab.app */,
				CFC9DBC018D47DBB0094D745 /* Root in Nav in Tab.app */,
			);
			name = Products;
			sourceTree = "<group>";
		};
		CF9BF55418D4795B007CBF68 /* Frameworks */ = {
			isa = PBXGroup;
			children = (
				CF9BF55518D4795B007CBF68 /* Foundation.framework */,
				CF9BF55718D4795B007CBF68 /* CoreGraphics.framework */,
				CF9BF55918D4795B007CBF68 /* UIKit.framework */,
				CF9BF56E18D4795B007CBF68 /* XCTest.framework */,
			);
			name = Frameworks;
			sourceTree = "<group>";
		};
		CF9BF55B18D4795B007CBF68 /* Auto-Layout Issues (Shared Files) */ = {
			isa = PBXGroup;
			children = (
				CF9BF56418D4795B007CBF68 /* AppDelegate.h */,
				CF9BF56518D4795B007CBF68 /* AppDelegate.m */,
				CF9BF56718D4795B007CBF68 /* Images.xcassets */,
				CF9BF55C18D4795B007CBF68 /* Supporting Files */,
			);
			path = "Auto-Layout Issues (Shared Files)";
			sourceTree = "<group>";
		};
		CF9BF55C18D4795B007CBF68 /* Supporting Files */ = {
			isa = PBXGroup;
			children = (
				CF9BF56118D4795B007CBF68 /* main.m */,
			);
			name = "Supporting Files";
			sourceTree = "<group>";
		};
		CF9BF58A18D479B5007CBF68 /* Root */ = {
			isa = PBXGroup;
			children = (
				CF13093A18D47A340085D09A /* Root.xib */,
				CF9BF58B18D479B5007CBF68 /* Supporting Files */,
			);
			path = Root;
			sourceTree = "<group>";
		};
		CF9BF58B18D479B5007CBF68 /* Supporting Files */ = {
			isa = PBXGroup;
			children = (
				CF9BF58C18D479B5007CBF68 /* Root-Info.plist */,
				CF9BF58D18D479B5007CBF68 /* InfoPlist.strings */,
				CF9BF59218D479B5007CBF68 /* Root-Prefix.pch */,
			);
			name = "Supporting Files";
			sourceTree = "<group>";
		};
		CFC9DBC418D47DBB0094D745 /* Root in Nav in Tab */ = {
			isa = PBXGroup;
			children = (
				CFC9DBED18D47E270094D745 /* Root in Nav in Tab.xib */,
				CFC9DBC518D47DBB0094D745 /* Supporting Files */,
			);
			path = "Root in Nav in Tab";
			sourceTree = "<group>";
		};
		CFC9DBC518D47DBB0094D745 /* Supporting Files */ = {
			isa = PBXGroup;
			children = (
				CFC9DBC618D47DBB0094D745 /* Root in Nav in Tab-Info.plist */,
				CFC9DBC718D47DBB0094D745 /* InfoPlist.strings */,
				CFC9DBCC18D47DBB0094D745 /* Root in Nav in Tab-Prefix.pch */,
			);
			name = "Supporting Files";
			sourceTree = "<group>";
		};
/* End PBXGroup section */

/* Begin PBXNativeTarget section */
		CF13093F18D47B220085D09A /* Root in Nav */ = {
			isa = PBXNativeTarget;
			buildConfigurationList = CF13096418D47B230085D09A /* Build configuration list for PBXNativeTarget "Root in Nav" */;
			buildPhases = (
				CF13093C18D47B220085D09A /* Sources */,
				CF13093D18D47B220085D09A /* Frameworks */,
				CF13093E18D47B220085D09A /* Resources */,
			);
			buildRules = (
			);
			dependencies = (
			);
			name = "Root in Nav";
			productName = "Root in Nav";
			productReference = CF13094018D47B220085D09A /* Root in Nav.app */;
			productType = "com.apple.product-type.application";
		};
		CF33D83F18D47C7B00FA5756 /* Root in Tab */ = {
			isa = PBXNativeTarget;
			buildConfigurationList = CF33D86818D47C7D00FA5756 /* Build configuration list for PBXNativeTarget "Root in Tab" */;
			buildPhases = (
				CF33D83C18D47C7B00FA5756 /* Sources */,
				CF33D83D18D47C7B00FA5756 /* Frameworks */,
				CF33D83E18D47C7B00FA5756 /* Resources */,
			);
			buildRules = (
			);
			dependencies = (
			);
			name = "Root in Tab";
			productName = "Root in Tab";
			productReference = CF33D84018D47C7B00FA5756 /* Root in Tab.app */;
			productType = "com.apple.product-type.application";
		};
		CF9BF58518D479B5007CBF68 /* Root */ = {
			isa = PBXNativeTarget;
			buildConfigurationList = CF9BF5AA18D479B5007CBF68 /* Build configuration list for PBXNativeTarget "Root" */;
			buildPhases = (
				CF9BF58218D479B5007CBF68 /* Sources */,
				CF9BF58318D479B5007CBF68 /* Frameworks */,
				CF9BF58418D479B5007CBF68 /* Resources */,
			);
			buildRules = (
			);
			dependencies = (
			);
			name = Root;
			productName = Root;
			productReference = CF9BF58618D479B5007CBF68 /* Root.app */;
			productType = "com.apple.product-type.application";
		};
		CFC9DBBF18D47DBB0094D745 /* Root in Nav in Tab */ = {
			isa = PBXNativeTarget;
			buildConfigurationList = CFC9DBE818D47DBB0094D745 /* Build configuration list for PBXNativeTarget "Root in Nav in Tab" */;
			buildPhases = (
				CFC9DBBC18D47DBB0094D745 /* Sources */,
				CFC9DBBD18D47DBB0094D745 /* Frameworks */,
				CFC9DBBE18D47DBB0094D745 /* Resources */,
			);
			buildRules = (
			);
			dependencies = (
			);
			name = "Root in Nav in Tab";
			productName = "Root in Nav in Tab";
			productReference = CFC9DBC018D47DBB0094D745 /* Root in Nav in Tab.app */;
			productType = "com.apple.product-type.application";
		};
/* End PBXNativeTarget section */

/* Begin PBXProject section */
		CF1FDF4918D474EE0076D40B /* Project object */ = {
			isa = PBXProject;
			attributes = {
				LastUpgradeCheck = 0510;
			};
			buildConfigurationList = CF1FDF4C18D474EE0076D40B /* Build configuration list for PBXProject "Auto-Layout Issues" */;
			compatibilityVersion = "Xcode 3.2";
			developmentRegion = English;
			hasScannedForEncodings = 0;
			knownRegions = (
				en,
			);
			mainGroup = CF1FDF4818D474EE0076D40B;
			productRefGroup = CF9BF55318D4795A007CBF68 /* Products */;
			projectDirPath = "";
			projectRoot = "";
			targets = (
				CF9BF58518D479B5007CBF68 /* Root */,
				CF13093F18D47B220085D09A /* Root in Nav */,
				CF33D83F18D47C7B00FA5756 /* Root in Tab */,
				CFC9DBBF18D47DBB0094D745 /* Root in Nav in Tab */,
			);
		};
/* End PBXProject section */

/* Begin PBXResourcesBuildPhase section */
		CF13093E18D47B220085D09A /* Resources */ = {
			isa = PBXResourcesBuildPhase;
			buildActionMask = 2147483647;
			files = (
				CF13094918D47B220085D09A /* InfoPlist.strings in Resources */,
				CF33D80D18D47C0A00FA5756 /* Root in Nav.xib in Resources */,
				CF33D80518D47B4F00FA5756 /* Images.xcassets in Resources */,
			);
			runOnlyForDeploymentPostprocessing = 0;
		};
		CF33D83E18D47C7B00FA5756 /* Resources */ = {
			isa = PBXResourcesBuildPhase;
			buildActionMask = 2147483647;
			files = (
				CF33D84918D47C7B00FA5756 /* InfoPlist.strings in Resources */,
				CF439E3118D47D20006DDD77 /* Root in Tab.xib in Resources */,
				CF439E2F18D47CD5006DDD77 /* Images.xcassets in Resources */,
			);
			runOnlyForDeploymentPostprocessing = 0;
		};
		CF9BF58418D479B5007CBF68 /* Resources */ = {
			isa = PBXResourcesBuildPhase;
			buildActionMask = 2147483647;
			files = (
				CF9BF58F18D479B5007CBF68 /* InfoPlist.strings in Resources */,
				CF13093B18D47A340085D09A /* Root.xib in Resources */,
				CF13093718D47A0B0085D09A /* Images.xcassets in Resources */,
			);
			runOnlyForDeploymentPostprocessing = 0;
		};
		CFC9DBBE18D47DBB0094D745 /* Resources */ = {
			isa = PBXResourcesBuildPhase;
			buildActionMask = 2147483647;
			files = (
				CFC9DBC918D47DBB0094D745 /* InfoPlist.strings in Resources */,
				CFC9DBEE18D47E270094D745 /* Root in Nav in Tab.xib in Resources */,
				CFC9DBEC18D47E080094D745 /* Images.xcassets in Resources */,
			);
			runOnlyForDeploymentPostprocessing = 0;
		};
/* End PBXResourcesBuildPhase section */

/* Begin PBXSourcesBuildPhase section */
		CF13093C18D47B220085D09A /* Sources */ = {
			isa = PBXSourcesBuildPhase;
			buildActionMask = 2147483647;
			files = (
				CF33D80618D47B5300FA5756 /* AppDelegate.m in Sources */,
				CF33D80718D47B5400FA5756 /* main.m in Sources */,
			);
			runOnlyForDeploymentPostprocessing = 0;
		};
		CF33D83C18D47C7B00FA5756 /* Sources */ = {
			isa = PBXSourcesBuildPhase;
			buildActionMask = 2147483647;
			files = (
				CF439E2E18D47CB2006DDD77 /* main.m in Sources */,
				CF439E2D18D47CAE006DDD77 /* AppDelegate.m in Sources */,
			);
			runOnlyForDeploymentPostprocessing = 0;
		};
		CF9BF58218D479B5007CBF68 /* Sources */ = {
			isa = PBXSourcesBuildPhase;
			buildActionMask = 2147483647;
			files = (
				CF13093818D47A0E0085D09A /* AppDelegate.m in Sources */,
				CF13093918D47A100085D09A /* main.m in Sources */,
			);
			runOnlyForDeploymentPostprocessing = 0;
		};
		CFC9DBBC18D47DBB0094D745 /* Sources */ = {
			isa = PBXSourcesBuildPhase;
			buildActionMask = 2147483647;
			files = (
				CFC9DBEA18D47DF00094D745 /* main.m in Sources */,
				CFC9DBEB18D47DF20094D745 /* AppDelegate.m in Sources */,
			);
			runOnlyForDeploymentPostprocessing = 0;
		};
/* End PBXSourcesBuildPhase section */

/* Begin PBXVariantGroup section */
		CF13094718D47B220085D09A /* InfoPlist.strings */ = {
			isa = PBXVariantGroup;
			children = (
				CF13094818D47B220085D09A /* en */,
			);
			name = InfoPlist.strings;
			sourceTree = "<group>";
		};
		CF33D84718D47C7B00FA5756 /* InfoPlist.strings */ = {
			isa = PBXVariantGroup;
			children = (
				CF33D84818D47C7B00FA5756 /* en */,
			);
			name = InfoPlist.strings;
			sourceTree = "<group>";
		};
		CF9BF58D18D479B5007CBF68 /* InfoPlist.strings */ = {
			isa = PBXVariantGroup;
			children = (
				CF9BF58E18D479B5007CBF68 /* en */,
			);
			name = InfoPlist.strings;
			sourceTree = "<group>";
		};
		CFC9DBC718D47DBB0094D745 /* InfoPlist.strings */ = {
			isa = PBXVariantGroup;
			children = (
				CFC9DBC818D47DBB0094D745 /* en */,
			);
			name = InfoPlist.strings;
			sourceTree = "<group>";
		};
/* End PBXVariantGroup section */

/* Begin XCBuildConfiguration section */
		CF13096518D47B230085D09A /* Debug */ = {
			isa = XCBuildConfiguration;
			buildSettings = {
				ALWAYS_SEARCH_USER_PATHS = NO;
				ASSETCATALOG_COMPILER_APPICON_NAME = AppIcon;
				ASSETCATALOG_COMPILER_LAUNCHIMAGE_NAME = LaunchImage;
				CLANG_CXX_LANGUAGE_STANDARD = "gnu++0x";
				CLANG_CXX_LIBRARY = "libc++";
				CLANG_ENABLE_MODULES = YES;
				CLANG_ENABLE_OBJC_ARC = YES;
				CLANG_WARN_BOOL_CONVERSION = YES;
				CLANG_WARN_CONSTANT_CONVERSION = YES;
				CLANG_WARN_DIRECT_OBJC_ISA_USAGE = YES_ERROR;
				CLANG_WARN_EMPTY_BODY = YES;
				CLANG_WARN_ENUM_CONVERSION = YES;
				CLANG_WARN_INT_CONVERSION = YES;
				CLANG_WARN_OBJC_ROOT_CLASS = YES_ERROR;
				CLANG_WARN__DUPLICATE_METHOD_MATCH = YES;
				"CODE_SIGN_IDENTITY[sdk=iphoneos*]" = "iPhone Developer";
				COPY_PHASE_STRIP = NO;
				FRAMEWORK_SEARCH_PATHS = (
					"$(inherited)",
					"$(DEVELOPER_FRAMEWORKS_DIR)",
				);
				GCC_C_LANGUAGE_STANDARD = gnu99;
				GCC_DYNAMIC_NO_PIC = NO;
				GCC_OPTIMIZATION_LEVEL = 0;
				GCC_PRECOMPILE_PREFIX_HEADER = YES;
				GCC_PREFIX_HEADER = "Root in Nav/Root in Nav-Prefix.pch";
				GCC_PREPROCESSOR_DEFINITIONS = (
					"DEBUG=1",
					"$(inherited)",
				);
				GCC_SYMBOLS_PRIVATE_EXTERN = NO;
				GCC_WARN_64_TO_32_BIT_CONVERSION = YES;
				GCC_WARN_ABOUT_RETURN_TYPE = YES_ERROR;
				GCC_WARN_UNDECLARED_SELECTOR = YES;
				GCC_WARN_UNINITIALIZED_AUTOS = YES_AGGRESSIVE;
				GCC_WARN_UNUSED_FUNCTION = YES;
				GCC_WARN_UNUSED_VARIABLE = YES;
				INFOPLIST_FILE = "Root in Nav/Root in Nav-Info.plist";
				IPHONEOS_DEPLOYMENT_TARGET = 7.1;
				ONLY_ACTIVE_ARCH = YES;
				PRODUCT_NAME = "$(TARGET_NAME)";
				SDKROOT = iphoneos;
				WRAPPER_EXTENSION = app;
			};
			name = Debug;
		};
		CF13096618D47B230085D09A /* Release */ = {
			isa = XCBuildConfiguration;
			buildSettings = {
				ALWAYS_SEARCH_USER_PATHS = NO;
				ASSETCATALOG_COMPILER_APPICON_NAME = AppIcon;
				ASSETCATALOG_COMPILER_LAUNCHIMAGE_NAME = LaunchImage;
				CLANG_CXX_LANGUAGE_STANDARD = "gnu++0x";
				CLANG_CXX_LIBRARY = "libc++";
				CLANG_ENABLE_MODULES = YES;
				CLANG_ENABLE_OBJC_ARC = YES;
				CLANG_WARN_BOOL_CONVERSION = YES;
				CLANG_WARN_CONSTANT_CONVERSION = YES;
				CLANG_WARN_DIRECT_OBJC_ISA_USAGE = YES_ERROR;
				CLANG_WARN_EMPTY_BODY = YES;
				CLANG_WARN_ENUM_CONVERSION = YES;
				CLANG_WARN_INT_CONVERSION = YES;
				CLANG_WARN_OBJC_ROOT_CLASS = YES_ERROR;
				CLANG_WARN__DUPLICATE_METHOD_MATCH = YES;
				"CODE_SIGN_IDENTITY[sdk=iphoneos*]" = "iPhone Developer";
				COPY_PHASE_STRIP = YES;
				ENABLE_NS_ASSERTIONS = NO;
				FRAMEWORK_SEARCH_PATHS = (
					"$(inherited)",
					"$(DEVELOPER_FRAMEWORKS_DIR)",
				);
				GCC_C_LANGUAGE_STANDARD = gnu99;
				GCC_PRECOMPILE_PREFIX_HEADER = YES;
				GCC_PREFIX_HEADER = "Root in Nav/Root in Nav-Prefix.pch";
				GCC_WARN_64_TO_32_BIT_CONVERSION = YES;
				GCC_WARN_ABOUT_RETURN_TYPE = YES_ERROR;
				GCC_WARN_UNDECLARED_SELECTOR = YES;
				GCC_WARN_UNINITIALIZED_AUTOS = YES_AGGRESSIVE;
				GCC_WARN_UNUSED_FUNCTION = YES;
				GCC_WARN_UNUSED_VARIABLE = YES;
				INFOPLIST_FILE = "Root in Nav/Root in Nav-Info.plist";
				IPHONEOS_DEPLOYMENT_TARGET = 7.1;
				PRODUCT_NAME = "$(TARGET_NAME)";
				SDKROOT = iphoneos;
				VALIDATE_PRODUCT = YES;
				WRAPPER_EXTENSION = app;
			};
			name = Release;
		};
		CF1FDF4D18D474EE0076D40B /* Debug */ = {
			isa = XCBuildConfiguration;
			buildSettings = {
			};
			name = Debug;
		};
		CF1FDF4E18D474EE0076D40B /* Release */ = {
			isa = XCBuildConfiguration;
			buildSettings = {
			};
			name = Release;
		};
		CF33D86418D47C7D00FA5756 /* Debug */ = {
			isa = XCBuildConfiguration;
			buildSettings = {
				ALWAYS_SEARCH_USER_PATHS = NO;
				ASSETCATALOG_COMPILER_APPICON_NAME = AppIcon;
				ASSETCATALOG_COMPILER_LAUNCHIMAGE_NAME = LaunchImage;
				CLANG_CXX_LANGUAGE_STANDARD = "gnu++0x";
				CLANG_CXX_LIBRARY = "libc++";
				CLANG_ENABLE_MODULES = YES;
				CLANG_ENABLE_OBJC_ARC = YES;
				CLANG_WARN_BOOL_CONVERSION = YES;
				CLANG_WARN_CONSTANT_CONVERSION = YES;
				CLANG_WARN_DIRECT_OBJC_ISA_USAGE = YES_ERROR;
				CLANG_WARN_EMPTY_BODY = YES;
				CLANG_WARN_ENUM_CONVERSION = YES;
				CLANG_WARN_INT_CONVERSION = YES;
				CLANG_WARN_OBJC_ROOT_CLASS = YES_ERROR;
				CLANG_WARN__DUPLICATE_METHOD_MATCH = YES;
				"CODE_SIGN_IDENTITY[sdk=iphoneos*]" = "iPhone Developer";
				COPY_PHASE_STRIP = NO;
				FRAMEWORK_SEARCH_PATHS = (
					"$(inherited)",
					"$(DEVELOPER_FRAMEWORKS_DIR)",
				);
				GCC_C_LANGUAGE_STANDARD = gnu99;
				GCC_DYNAMIC_NO_PIC = NO;
				GCC_OPTIMIZATION_LEVEL = 0;
				GCC_PRECOMPILE_PREFIX_HEADER = YES;
				GCC_PREFIX_HEADER = "Root in Tab/Root in Tab-Prefix.pch";
				GCC_PREPROCESSOR_DEFINITIONS = (
					"DEBUG=1",
					"$(inherited)",
				);
				GCC_SYMBOLS_PRIVATE_EXTERN = NO;
				GCC_WARN_64_TO_32_BIT_CONVERSION = YES;
				GCC_WARN_ABOUT_RETURN_TYPE = YES_ERROR;
				GCC_WARN_UNDECLARED_SELECTOR = YES;
				GCC_WARN_UNINITIALIZED_AUTOS = YES_AGGRESSIVE;
				GCC_WARN_UNUSED_FUNCTION = YES;
				GCC_WARN_UNUSED_VARIABLE = YES;
				INFOPLIST_FILE = "Root in Tab/Root in Tab-Info.plist";
				IPHONEOS_DEPLOYMENT_TARGET = 7.1;
				ONLY_ACTIVE_ARCH = YES;
				PRODUCT_NAME = "$(TARGET_NAME)";
				SDKROOT = iphoneos;
				WRAPPER_EXTENSION = app;
			};
			name = Debug;
		};
		CF33D86518D47C7D00FA5756 /* Release */ = {
			isa = XCBuildConfiguration;
			buildSettings = {
				ALWAYS_SEARCH_USER_PATHS = NO;
				ASSETCATALOG_COMPILER_APPICON_NAME = AppIcon;
				ASSETCATALOG_COMPILER_LAUNCHIMAGE_NAME = LaunchImage;
				CLANG_CXX_LANGUAGE_STANDARD = "gnu++0x";
				CLANG_CXX_LIBRARY = "libc++";
				CLANG_ENABLE_MODULES = YES;
				CLANG_ENABLE_OBJC_ARC = YES;
				CLANG_WARN_BOOL_CONVERSION = YES;
				CLANG_WARN_CONSTANT_CONVERSION = YES;
				CLANG_WARN_DIRECT_OBJC_ISA_USAGE = YES_ERROR;
				CLANG_WARN_EMPTY_BODY = YES;
				CLANG_WARN_ENUM_CONVERSION = YES;
				CLANG_WARN_INT_CONVERSION = YES;
				CLANG_WARN_OBJC_ROOT_CLASS = YES_ERROR;
				CLANG_WARN__DUPLICATE_METHOD_MATCH = YES;
				"CODE_SIGN_IDENTITY[sdk=iphoneos*]" = "iPhone Developer";
				COPY_PHASE_STRIP = YES;
				ENABLE_NS_ASSERTIONS = NO;
				FRAMEWORK_SEARCH_PATHS = (
					"$(inherited)",
					"$(DEVELOPER_FRAMEWORKS_DIR)",
				);
				GCC_C_LANGUAGE_STANDARD = gnu99;
				GCC_PRECOMPILE_PREFIX_HEADER = YES;
				GCC_PREFIX_HEADER = "Root in Tab/Root in Tab-Prefix.pch";
				GCC_WARN_64_TO_32_BIT_CONVERSION = YES;
				GCC_WARN_ABOUT_RETURN_TYPE = YES_ERROR;
				GCC_WARN_UNDECLARED_SELECTOR = YES;
				GCC_WARN_UNINITIALIZED_AUTOS = YES_AGGRESSIVE;
				GCC_WARN_UNUSED_FUNCTION = YES;
				GCC_WARN_UNUSED_VARIABLE = YES;
				INFOPLIST_FILE = "Root in Tab/Root in Tab-Info.plist";
				IPHONEOS_DEPLOYMENT_TARGET = 7.1;
				PRODUCT_NAME = "$(TARGET_NAME)";
				SDKROOT = iphoneos;
				VALIDATE_PRODUCT = YES;
				WRAPPER_EXTENSION = app;
			};
			name = Release;
		};
		CF9BF5AB18D479B5007CBF68 /* Debug */ = {
			isa = XCBuildConfiguration;
			buildSettings = {
				ALWAYS_SEARCH_USER_PATHS = NO;
				ASSETCATALOG_COMPILER_APPICON_NAME = AppIcon;
				ASSETCATALOG_COMPILER_LAUNCHIMAGE_NAME = LaunchImage;
				CLANG_CXX_LANGUAGE_STANDARD = "gnu++0x";
				CLANG_CXX_LIBRARY = "libc++";
				CLANG_ENABLE_MODULES = YES;
				CLANG_ENABLE_OBJC_ARC = YES;
				CLANG_WARN_BOOL_CONVERSION = YES;
				CLANG_WARN_CONSTANT_CONVERSION = YES;
				CLANG_WARN_DIRECT_OBJC_ISA_USAGE = YES_ERROR;
				CLANG_WARN_EMPTY_BODY = YES;
				CLANG_WARN_ENUM_CONVERSION = YES;
				CLANG_WARN_INT_CONVERSION = YES;
				CLANG_WARN_OBJC_ROOT_CLASS = YES_ERROR;
				CLANG_WARN__DUPLICATE_METHOD_MATCH = YES;
				"CODE_SIGN_IDENTITY[sdk=iphoneos*]" = "iPhone Developer";
				COPY_PHASE_STRIP = NO;
				FRAMEWORK_SEARCH_PATHS = (
					"$(inherited)",
					"$(DEVELOPER_FRAMEWORKS_DIR)",
				);
				GCC_C_LANGUAGE_STANDARD = gnu99;
				GCC_DYNAMIC_NO_PIC = NO;
				GCC_OPTIMIZATION_LEVEL = 0;
				GCC_PRECOMPILE_PREFIX_HEADER = YES;
				GCC_PREFIX_HEADER = "Root/Root-Prefix.pch";
				GCC_PREPROCESSOR_DEFINITIONS = (
					"DEBUG=1",
					"$(inherited)",
				);
				GCC_SYMBOLS_PRIVATE_EXTERN = NO;
				GCC_WARN_64_TO_32_BIT_CONVERSION = YES;
				GCC_WARN_ABOUT_RETURN_TYPE = YES_ERROR;
				GCC_WARN_UNDECLARED_SELECTOR = YES;
				GCC_WARN_UNINITIALIZED_AUTOS = YES_AGGRESSIVE;
				GCC_WARN_UNUSED_FUNCTION = YES;
				GCC_WARN_UNUSED_VARIABLE = YES;
				INFOPLIST_FILE = "Root/Root-Info.plist";
				IPHONEOS_DEPLOYMENT_TARGET = 7.1;
				ONLY_ACTIVE_ARCH = YES;
				PRODUCT_NAME = "$(TARGET_NAME)";
				SDKROOT = iphoneos;
				WRAPPER_EXTENSION = app;
			};
			name = Debug;
		};
		CF9BF5AC18D479B5007CBF68 /* Release */ = {
			isa = XCBuildConfiguration;
			buildSettings = {
				ALWAYS_SEARCH_USER_PATHS = NO;
				ASSETCATALOG_COMPILER_APPICON_NAME = AppIcon;
				ASSETCATALOG_COMPILER_LAUNCHIMAGE_NAME = LaunchImage;
				CLANG_CXX_LANGUAGE_STANDARD = "gnu++0x";
				CLANG_CXX_LIBRARY = "libc++";
				CLANG_ENABLE_MODULES = YES;
				CLANG_ENABLE_OBJC_ARC = YES;
				CLANG_WARN_BOOL_CONVERSION = YES;
				CLANG_WARN_CONSTANT_CONVERSION = YES;
				CLANG_WARN_DIRECT_OBJC_ISA_USAGE = YES_ERROR;
				CLANG_WARN_EMPTY_BODY = YES;
				CLANG_WARN_ENUM_CONVERSION = YES;
				CLANG_WARN_INT_CONVERSION = YES;
				CLANG_WARN_OBJC_ROOT_CLASS = YES_ERROR;
				CLANG_WARN__DUPLICATE_METHOD_MATCH = YES;
				"CODE_SIGN_IDENTITY[sdk=iphoneos*]" = "iPhone Developer";
				COPY_PHASE_STRIP = YES;
				ENABLE_NS_ASSERTIONS = NO;
				FRAMEWORK_SEARCH_PATHS = (
					"$(inherited)",
					"$(DEVELOPER_FRAMEWORKS_DIR)",
				);
				GCC_C_LANGUAGE_STANDARD = gnu99;
				GCC_PRECOMPILE_PREFIX_HEADER = YES;
				GCC_PREFIX_HEADER = "Root/Root-Prefix.pch";
				GCC_WARN_64_TO_32_BIT_CONVERSION = YES;
				GCC_WARN_ABOUT_RETURN_TYPE = YES_ERROR;
				GCC_WARN_UNDECLARED_SELECTOR = YES;
				GCC_WARN_UNINITIALIZED_AUTOS = YES_AGGRESSIVE;
				GCC_WARN_UNUSED_FUNCTION = YES;
				GCC_WARN_UNUSED_VARIABLE = YES;
				INFOPLIST_FILE = "Root/Root-Info.plist";
				IPHONEOS_DEPLOYMENT_TARGET = 7.1;
				PRODUCT_NAME = "$(TARGET_NAME)";
				SDKROOT = iphoneos;
				VALIDATE_PRODUCT = YES;
				WRAPPER_EXTENSION = app;
			};
			name = Release;
		};
		CFC9DBE418D47DBB0094D745 /* Debug */ = {
			isa = XCBuildConfiguration;
			buildSettings = {
				ALWAYS_SEARCH_USER_PATHS = NO;
				ASSETCATALOG_COMPILER_APPICON_NAME = AppIcon;
				ASSETCATALOG_COMPILER_LAUNCHIMAGE_NAME = LaunchImage;
				CLANG_CXX_LANGUAGE_STANDARD = "gnu++0x";
				CLANG_CXX_LIBRARY = "libc++";
				CLANG_ENABLE_MODULES = YES;
				CLANG_ENABLE_OBJC_ARC = YES;
				CLANG_WARN_BOOL_CONVERSION = YES;
				CLANG_WARN_CONSTANT_CONVERSION = YES;
				CLANG_WARN_DIRECT_OBJC_ISA_USAGE = YES_ERROR;
				CLANG_WARN_EMPTY_BODY = YES;
				CLANG_WARN_ENUM_CONVERSION = YES;
				CLANG_WARN_INT_CONVERSION = YES;
				CLANG_WARN_OBJC_ROOT_CLASS = YES_ERROR;
				CLANG_WARN__DUPLICATE_METHOD_MATCH = YES;
				"CODE_SIGN_IDENTITY[sdk=iphoneos*]" = "iPhone Developer";
				COPY_PHASE_STRIP = NO;
				FRAMEWORK_SEARCH_PATHS = (
					"$(inherited)",
					"$(DEVELOPER_FRAMEWORKS_DIR)",
				);
				GCC_C_LANGUAGE_STANDARD = gnu99;
				GCC_DYNAMIC_NO_PIC = NO;
				GCC_OPTIMIZATION_LEVEL = 0;
				GCC_PRECOMPILE_PREFIX_HEADER = YES;
				GCC_PREFIX_HEADER = "Root in Nav in Tab/Root in Nav in Tab-Prefix.pch";
				GCC_PREPROCESSOR_DEFINITIONS = (
					"DEBUG=1",
					"$(inherited)",
				);
				GCC_SYMBOLS_PRIVATE_EXTERN = NO;
				GCC_WARN_64_TO_32_BIT_CONVERSION = YES;
				GCC_WARN_ABOUT_RETURN_TYPE = YES_ERROR;
				GCC_WARN_UNDECLARED_SELECTOR = YES;
				GCC_WARN_UNINITIALIZED_AUTOS = YES_AGGRESSIVE;
				GCC_WARN_UNUSED_FUNCTION = YES;
				GCC_WARN_UNUSED_VARIABLE = YES;
				INFOPLIST_FILE = "Root in Nav in Tab/Root in Nav in Tab-Info.plist";
				IPHONEOS_DEPLOYMENT_TARGET = 7.1;
				ONLY_ACTIVE_ARCH = YES;
				PRODUCT_NAME = "$(TARGET_NAME)";
				SDKROOT = iphoneos;
				WRAPPER_EXTENSION = app;
			};
			name = Debug;
		};
		CFC9DBE518D47DBB0094D745 /* Release */ = {
			isa = XCBuildConfiguration;
			buildSettings = {
				ALWAYS_SEARCH_USER_PATHS = NO;
				ASSETCATALOG_COMPILER_APPICON_NAME = AppIcon;
				ASSETCATALOG_COMPILER_LAUNCHIMAGE_NAME = LaunchImage;
				CLANG_CXX_LANGUAGE_STANDARD = "gnu++0x";
				CLANG_CXX_LIBRARY = "libc++";
				CLANG_ENABLE_MODULES = YES;
				CLANG_ENABLE_OBJC_ARC = YES;
				CLANG_WARN_BOOL_CONVERSION = YES;
				CLANG_WARN_CONSTANT_CONVERSION = YES;
				CLANG_WARN_DIRECT_OBJC_ISA_USAGE = YES_ERROR;
				CLANG_WARN_EMPTY_BODY = YES;
				CLANG_WARN_ENUM_CONVERSION = YES;
				CLANG_WARN_INT_CONVERSION = YES;
				CLANG_WARN_OBJC_ROOT_CLASS = YES_ERROR;
				CLANG_WARN__DUPLICATE_METHOD_MATCH = YES;
				"CODE_SIGN_IDENTITY[sdk=iphoneos*]" = "iPhone Developer";
				COPY_PHASE_STRIP = YES;
				ENABLE_NS_ASSERTIONS = NO;
				FRAMEWORK_SEARCH_PATHS = (
					"$(inherited)",
					"$(DEVELOPER_FRAMEWORKS_DIR)",
				);
				GCC_C_LANGUAGE_STANDARD = gnu99;
				GCC_PRECOMPILE_PREFIX_HEADER = YES;
				GCC_PREFIX_HEADER = "Root in Nav in Tab/Root in Nav in Tab-Prefix.pch";
				GCC_WARN_64_TO_32_BIT_CONVERSION = YES;
				GCC_WARN_ABOUT_RETURN_TYPE = YES_ERROR;
				GCC_WARN_UNDECLARED_SELECTOR = YES;
				GCC_WARN_UNINITIALIZED_AUTOS = YES_AGGRESSIVE;
				GCC_WARN_UNUSED_FUNCTION = YES;
				GCC_WARN_UNUSED_VARIABLE = YES;
				INFOPLIST_FILE = "Root in Nav in Tab/Root in Nav in Tab-Info.plist";
				IPHONEOS_DEPLOYMENT_TARGET = 7.1;
				PRODUCT_NAME = "$(TARGET_NAME)";
				SDKROOT = iphoneos;
				VALIDATE_PRODUCT = YES;
				WRAPPER_EXTENSION = app;
			};
			name = Release;
		};
/* End XCBuildConfiguration section */

/* Begin XCConfigurationList section */
		CF13096418D47B230085D09A /* Build configuration list for PBXNativeTarget "Root in Nav" */ = {
			isa = XCConfigurationList;
			buildConfigurations = (
				CF13096518D47B230085D09A /* Debug */,
				CF13096618D47B230085D09A /* Release */,
			);
			defaultConfigurationIsVisible = 0;
			defaultConfigurationName = Release;
		};
		CF1FDF4C18D474EE0076D40B /* Build configuration list for PBXProject "Auto-Layout Issues" */ = {
			isa = XCConfigurationList;
			buildConfigurations = (
				CF1FDF4D18D474EE0076D40B /* Debug */,
				CF1FDF4E18D474EE0076D40B /* Release */,
			);
			defaultConfigurationIsVisible = 0;
			defaultConfigurationName = Release;
		};
		CF33D86818D47C7D00FA5756 /* Build configuration list for PBXNativeTarget "Root in Tab" */ = {
			isa = XCConfigurationList;
			buildConfigurations = (
				CF33D86418D47C7D00FA5756 /* Debug */,
				CF33D86518D47C7D00FA5756 /* Release */,
			);
			defaultConfigurationIsVisible = 0;
			defaultConfigurationName = Release;
		};
		CF9BF5AA18D479B5007CBF68 /* Build configuration list for PBXNativeTarget "Root" */ = {
			isa = XCConfigurationList;
			buildConfigurations = (
				CF9BF5AB18D479B5007CBF68 /* Debug */,
				CF9BF5AC18D479B5007CBF68 /* Release */,
			);
			defaultConfigurationIsVisible = 0;
			defaultConfigurationName = Release;
		};
		CFC9DBE818D47DBB0094D745 /* Build configuration list for PBXNativeTarget "Root in Nav in Tab" */ = {
			isa = XCConfigurationList;
			buildConfigurations = (
				CFC9DBE418D47DBB0094D745 /* Debug */,
				CFC9DBE518D47DBB0094D745 /* Release */,
			);
			defaultConfigurationIsVisible = 0;
		};
/* End XCConfigurationList section */
	};
	rootObject = CF1FDF4918D474EE0076D40B /* Project object */;
}
