// !$*UTF8*$!
{
	archiveVersion = 1;
	classes = {
	};
	objectVersion = 46;
	objects = {

/* Begin PBXGroup section */
		CF1FDF4818D474EE0076D40B = {
			isa = PBXGroup;
			children = (
			);
			sourceTree = "<group>";
		};
/* End PBXGroup section */

/* Begin PBXProject section */
		CF1FDF4918D474EE0076D40B /* Project object */ = {
			isa = PBXProject;
			attributes = {
				LastUpgradeCheck = 0510;
			};
			buildConfigurationList = CF1FDF4C18D474EE0076D40B /* Build configuration list for PBXProject "Auto-Layout Issues" */;
			compatibilityVersion = "Xcode 3.2";
			developmentRegion = English;
			hasScannedForEncodings = 0;
			knownRegions = (
				en,
			);
			mainGroup = CF1FDF4818D474EE0076D40B;
			projectDirPath = "";
			projectRoot = "";
			targets = (
			);
		};
/* End PBXProject section */

/* Begin XCBuildConfiguration section */
		CF1FDF4D18D474EE0076D40B /* Debug */ = {
			isa = XCBuildConfiguration;
			buildSettings = {
			};
			name = Debug;
		};
		CF1FDF4E18D474EE0076D40B /* Release */ = {
			isa = XCBuildConfiguration;
			buildSettings = {
			};
			name = Release;
		};
/* End XCBuildConfiguration section */

/* Begin XCConfigurationList section */
		CF1FDF4C18D474EE0076D40B /* Build configuration list for PBXProject "Auto-Layout Issues" */ = {
			isa = XCConfigurationList;
			buildConfigurations = (
				CF1FDF4D18D474EE0076D40B /* Debug */,
				CF1FDF4E18D474EE0076D40B /* Release */,
			);
			defaultConfigurationIsVisible = 0;
			defaultConfigurationName = Release;
		};
/* End XCConfigurationList section */
	};
	rootObject = CF1FDF4918D474EE0076D40B /* Project object */;
}
